<?xml version="1.0" encoding="utf-8"?>
<Project ToolsVersion="4.0" xmlns="http://schemas.microsoft.com/developer/msbuild/2003">
  <ItemGroup>
    <Filter Include="win32">
      <UniqueIdentifier>{84a8ebd7-7cf0-47f6-b75e-d441df67da40}</UniqueIdentifier>
    </Filter>
    <Filter Include="resource">
      <UniqueIdentifier>{715254bc-d70b-4ec5-bf29-467dd3ace079}</UniqueIdentifier>
    </Filter>
    <Filter Include="src">
      <UniqueIdentifier>{bb6c862e-70e9-49d9-81b7-3829a6f50471}</UniqueIdentifier>
    </Filter>
    <Filter Include="src\Items">
      <UniqueIdentifier>{09ada8f1-62d0-45ef-9478-770fbb10fb55}</UniqueIdentifier>
    </Filter>
    <Filter Include="src\Actors">
      <UniqueIdentifier>{adcdd67a-925a-4f4d-be8f-0959845352ff}</UniqueIdentifier>
    </Filter>
  </ItemGroup>
  <ItemGroup>
    <ClCompile Include="main.cpp">
      <Filter>win32</Filter>
    </ClCompile>
    <ClCompile Include="..\Classes\AppDelegate.cpp">
      <Filter>src</Filter>
    </ClCompile>
    <ClCompile Include="..\Classes\InventoryContainer.cpp">
      <Filter>src</Filter>
    </ClCompile>
    <ClCompile Include="..\Classes\InventoryScene.cpp">
      <Filter>src</Filter>
    </ClCompile>
    <ClCompile Include="..\Classes\InventoryCell.cpp">
      <Filter>src</Filter>
    </ClCompile>
    <ClCompile Include="..\Classes\Items\Consumable.cpp">
      <Filter>src\Items</Filter>
    </ClCompile>
    <ClCompile Include="..\Classes\Items\Equipment.cpp">
      <Filter>src\Items</Filter>
    </ClCompile>
    <ClCompile Include="..\Classes\Items\Trash.cpp">
      <Filter>src\Items</Filter>
    </ClCompile>
    <ClCompile Include="..\Classes\Actors\Hero.cpp">
      <Filter>src\Actors</Filter>
    </ClCompile>
    <ClCompile Include="..\Classes\Cell.cpp">
      <Filter>src</Filter>
    </ClCompile>
    <ClCompile Include="..\Classes\Actors\ArmCell.cpp">
      <Filter>src\Actors</Filter>
    </ClCompile>
    <ClCompile Include="..\Classes\Items\Item.cpp">
      <Filter>src\Items</Filter>
    </ClCompile>
    <ClCompile Include="..\Classes\Parameters.cpp">
      <Filter>src</Filter>
    </ClCompile>
    <ClCompile Include="..\Classes\Items\ConsumableFactory.cpp">
      <Filter>src\Items</Filter>
    </ClCompile>
    <ClCompile Include="..\Classes\Items\EquipmentFactory.cpp">
      <Filter>src\Items</Filter>
    </ClCompile>
    <ClCompile Include="..\Classes\Items\TrashFactory.cpp">
      <Filter>src\Items</Filter>
    </ClCompile>
    <ClCompile Include="..\Classes\PriceMenu.cpp">
      <Filter>src</Filter>
    </ClCompile>
  </ItemGroup>
  <ItemGroup>
    <ClInclude Include="main.h">
      <Filter>win32</Filter>
    </ClInclude>
    <ClInclude Include="..\Classes\AppDelegate.h">
      <Filter>src</Filter>
    </ClInclude>
    <ClInclude Include="..\Classes\InventoryContainer.h">
      <Filter>src</Filter>
    </ClInclude>
    <ClInclude Include="..\Classes\InventoryScene.h">
      <Filter>src</Filter>
    </ClInclude>
    <ClInclude Include="..\Classes\InventoryCell.h">
      <Filter>src</Filter>
    </ClInclude>
    <ClInclude Include="..\Classes\Items\Consumable.h">
      <Filter>src\Items</Filter>
    </ClInclude>
    <ClInclude Include="..\Classes\Items\Equipment.h">
      <Filter>src\Items</Filter>
    </ClInclude>
    <ClInclude Include="..\Classes\Items\Trash.h">
      <Filter>src\Items</Filter>
    </ClInclude>
    <ClInclude Include="..\Classes\Actors\Hero.h">
      <Filter>src\Actors</Filter>
    </ClInclude>
    <ClInclude Include="..\Classes\Cell.h">
      <Filter>src</Filter>
    </ClInclude>
    <ClInclude Include="..\Classes\Actors\ArmCell.h">
      <Filter>src\Actors</Filter>
    </ClInclude>
    <ClInclude Include="..\Classes\Items\Item.h">
      <Filter>src\Items</Filter>
    </ClInclude>
    <ClInclude Include="..\Classes\Parameters.h">
      <Filter>src</Filter>
    </ClInclude>
    <ClInclude Include="..\Classes\Items\ConsumableFactory.h">
      <Filter>src\Items</Filter>
    </ClInclude>
    <ClInclude Include="..\Classes\Items\EquipmentFactory.h">
      <Filter>src\Items</Filter>
    </ClInclude>
    <ClInclude Include="..\Classes\Items\TrashFactory.h">
      <Filter>src\Items</Filter>
    </ClInclude>
    <ClInclude Include="..\Classes\PriceMenu.h">
      <Filter>src</Filter>
    </ClInclude>
  </ItemGroup>
  <ItemGroup>
    <ResourceCompile Include="game.rc">
      <Filter>resource</Filter>
    </ResourceCompile>
  </ItemGroup>
</Project>